
Microsoft Visual Studio Solution File, Format Version 12.00
# Visual Studio 15
Project("{FAE04EC0-301F-11D3-BF4B-00C04F79EFBC}") = "VuforiaScripts", "VuforiaScripts.csproj", "{89D8B805-EA8C-784C-EB16-2A552FA9BD74}"
EndProject
Project("{FAE04EC0-301F-11D3-BF4B-00C04F79EFBC}") = "Assembly-CSharp", "Assembly-CSharp.csproj", "{20ED6E5D-24F4-B9DD-A20D-3180186B8315}"
EndProject
Project("{FAE04EC0-301F-11D3-BF4B-00C04F79EFBC}") = "VuforiaEditorScripts", "VuforiaEditorScripts.csproj", "{5E665DB9-8BFC-E5D2-FD7E-B6932FA8B862}"
EndProject
Global
	GlobalSection(SolutionConfigurationPlatforms) = preSolution
		Debug|Any CPU = Debug|Any CPU
		Release|Any CPU = Release|Any CPU
	EndGlobalSection
	GlobalSection(ProjectConfigurationPlatforms) = postSolution
		{89D8B805-EA8C-784C-EB16-2A552FA9BD74}.Debug|Any CPU.ActiveCfg = Debug|Any CPU
		{89D8B805-EA8C-784C-EB16-2A552FA9BD74}.Debug|Any CPU.Build.0 = Debug|Any CPU
		{89D8B805-EA8C-784C-EB16-2A552FA9BD74}.Release|Any CPU.ActiveCfg = Release|Any CPU
		{89D8B805-EA8C-784C-EB16-2A552FA9BD74}.Release|Any CPU.Build.0 = Release|Any CPU
		{20ED6E5D-24F4-B9DD-A20D-3180186B8315}.Debug|Any CPU.ActiveCfg = Debug|Any CPU
		{20ED6E5D-24F4-B9DD-A20D-3180186B8315}.Debug|Any CPU.Build.0 = Debug|Any CPU
		{20ED6E5D-24F4-B9DD-A20D-3180186B8315}.Release|Any CPU.ActiveCfg = Release|Any CPU
		{20ED6E5D-24F4-B9DD-A20D-3180186B8315}.Release|Any CPU.Build.0 = Release|Any CPU
		{5E665DB9-8BFC-E5D2-FD7E-B6932FA8B862}.Debug|Any CPU.ActiveCfg = Debug|Any CPU
		{5E665DB9-8BFC-E5D2-FD7E-B6932FA8B862}.Debug|Any CPU.Build.0 = Debug|Any CPU
		{5E665DB9-8BFC-E5D2-FD7E-B6932FA8B862}.Release|Any CPU.ActiveCfg = Release|Any CPU
		{5E665DB9-8BFC-E5D2-FD7E-B6932FA8B862}.Release|Any CPU.Build.0 = Release|Any CPU
	EndGlobalSection
	GlobalSection(SolutionProperties) = preSolution
		HideSolutionNode = FALSE
	EndGlobalSection
EndGlobal
